
Microsoft Visual Studio Solution File, Format Version 12.00
# Visual Studio Version 16
VisualStudioVersion = 16.0.30907.101
MinimumVisualStudioVersion = 10.0.40219.1
Project("{FAE04EC0-301F-11D3-BF4B-00C04F79EFBC}") = "RowerMoniter", "RowerMoniter\RowerMoniter.csproj", "{7997EF24-4F0C-4689-952E-7C9D3C0948AF}"
EndProject
Project("{FAE04EC0-301F-11D3-BF4B-00C04F79EFBC}") = "RowerMoniterTests", "RowerMoniterTests\RowerMoniterTests.csproj", "{6F629166-1DE1-44DA-8223-79D2C0DB2D2B}"
EndProject
Project("{FAE04EC0-301F-11D3-BF4B-00C04F79EFBC}") = "TestReadArduino", "TestReadArduino\TestReadArduino.csproj", "{8F0CAD15-F5E6-4CCA-B9BF-778938F51A51}"
EndProject
Global
	GlobalSection(SolutionConfigurationPlatforms) = preSolution
		Debug|Any CPU = Debug|Any CPU
		Release|Any CPU = Release|Any CPU
	EndGlobalSection
	GlobalSection(ProjectConfigurationPlatforms) = postSolution
		{7997EF24-4F0C-4689-952E-7C9D3C0948AF}.Debug|Any CPU.ActiveCfg = Debug|Any CPU
		{7997EF24-4F0C-4689-952E-7C9D3C0948AF}.Debug|Any CPU.Build.0 = Debug|Any CPU
		{7997EF24-4F0C-4689-952E-7C9D3C0948AF}.Release|Any CPU.ActiveCfg = Release|Any CPU
		{7997EF24-4F0C-4689-952E-7C9D3C0948AF}.Release|Any CPU.Build.0 = Release|Any CPU
		{6F629166-1DE1-44DA-8223-79D2C0DB2D2B}.Debug|Any CPU.ActiveCfg = Debug|Any CPU
		{6F629166-1DE1-44DA-8223-79D2C0DB2D2B}.Debug|Any CPU.Build.0 = Debug|Any CPU
		{6F629166-1DE1-44DA-8223-79D2C0DB2D2B}.Release|Any CPU.ActiveCfg = Release|Any CPU
		{6F629166-1DE1-44DA-8223-79D2C0DB2D2B}.Release|Any CPU.Build.0 = Release|Any CPU
		{8F0CAD15-F5E6-4CCA-B9BF-778938F51A51}.Debug|Any CPU.ActiveCfg = Debug|Any CPU
		{8F0CAD15-F5E6-4CCA-B9BF-778938F51A51}.Debug|Any CPU.Build.0 = Debug|Any CPU
		{8F0CAD15-F5E6-4CCA-B9BF-778938F51A51}.Release|Any CPU.ActiveCfg = Release|Any CPU
		{8F0CAD15-F5E6-4CCA-B9BF-778938F51A51}.Release|Any CPU.Build.0 = Release|Any CPU
	EndGlobalSection
	GlobalSection(SolutionProperties) = preSolution
		HideSolutionNode = FALSE
	EndGlobalSection
	GlobalSection(ExtensibilityGlobals) = postSolution
		SolutionGuid = {5687C4F3-3D6D-4B79-B994-8ECB374B0AAC}
	EndGlobalSection
EndGlobal
